Microsoft Visual Studio Solution File, Format Version 12.00
# Visual Studio 2013
VisualStudioVersion = 12.0.31101.0
MinimumVisualStudioVersion = 10.0.40219.1
Project("{FAE04EC0-301F-11D3-BF4B-00C04F79EFBC}") = "paintdotnet", "paintdotnet.csproj", "{34920450-488E-41DF-8565-AA22C2A56902}"
	ProjectSection(ProjectDependencies) = postProject
		{2E4E8805-00F7-4B18-A967-C23994BBCE75} = {2E4E8805-00F7-4B18-A967-C23994BBCE75}
		{EF345808-905D-4738-BC3F-0D0CB3960C4A} = {EF345808-905D-4738-BC3F-0D0CB3960C4A}
		{36F6FD0E-C4A7-45B9-9B7C-7DFC6DE667FE} = {36F6FD0E-C4A7-45B9-9B7C-7DFC6DE667FE}
		{E2E8B028-9FF8-4AF1-86BF-F20568EAB0EC} = {E2E8B028-9FF8-4AF1-86BF-F20568EAB0EC}
		{5B4C722D-8469-4B5F-9158-730B75AF68C1} = {5B4C722D-8469-4B5F-9158-730B75AF68C1}
		{5B4C722D-8469-4B5F-9158-730B75AF68C2} = {5B4C722D-8469-4B5F-9158-730B75AF68C2}
		{446DDC4A-1CC8-4F55-BDF2-21BB387574D1} = {446DDC4A-1CC8-4F55-BDF2-21BB387574D1}
		{AE3E7C54-B864-4C89-9CC1-89DBE2042E02} = {AE3E7C54-B864-4C89-9CC1-89DBE2042E02}
		{236A7657-45D6-46FF-A221-8E78FA447547} = {236A7657-45D6-46FF-A221-8E78FA447547}
		{D1E5865F-9DC5-4504-A484-5CE8A8A79621} = {D1E5865F-9DC5-4504-A484-5CE8A8A79621}
		{D4BEAD6A-0A65-4FAC-9ECE-B6A71EA5A884} = {D4BEAD6A-0A65-4FAC-9ECE-B6A71EA5A884}
		{6D06E18A-6A4A-49FF-BB33-2C722D051BE8} = {6D06E18A-6A4A-49FF-BB33-2C722D051BE8}
		{8CA4EBFD-46EA-437B-AD52-685C3E0BEC81} = {8CA4EBFD-46EA-437B-AD52-685C3E0BEC81}
	EndProjectSection
EndProject
Project("{FAE04EC0-301F-11D3-BF4B-00C04F79EFBC}") = "Core", "Core\Core.csproj", "{1EADE568-A866-4DD4-9898-0A151E3F0E26}"
EndProject
Project("{FAE04EC0-301F-11D3-BF4B-00C04F79EFBC}") = "Effects", "Effects\Effects.csproj", "{2E4E8805-00F7-4B18-A967-C23994BBCE75}"
EndProject
Project("{FAE04EC0-301F-11D3-BF4B-00C04F79EFBC}") = "StylusReader", "StylusReader\StylusReader.csproj", "{E2E8B028-9FF8-4AF1-86BF-F20568EAB0EC}"
EndProject
Project("{FAE04EC0-301F-11D3-BF4B-00C04F79EFBC}") = "SystemLayer", "SystemLayer\SystemLayer.csproj", "{80572820-93A5-4278-A513-D902BEA2639C}"
EndProject
Project("{FAE04EC0-301F-11D3-BF4B-00C04F79EFBC}") = "Data", "Data\Data.csproj", "{66681BB0-955D-451D-A466-94C045B1CF4A}"
	ProjectSection(ProjectDependencies) = postProject
		{6D06E18A-6A4A-49FF-BB33-2C722D051BE8} = {6D06E18A-6A4A-49FF-BB33-2C722D051BE8}
	EndProjectSection
EndProject
Project("{FAE04EC0-301F-11D3-BF4B-00C04F79EFBC}") = "Resources", "Resources\Resources.csproj", "{0B173113-1F9B-4939-A62F-A176336F13AC}"
	ProjectSection(ProjectDependencies) = postProject
		{AE3E7C54-B864-4C89-9CC1-89DBE2042E02} = {AE3E7C54-B864-4C89-9CC1-89DBE2042E02}
	EndProjectSection
EndProject
Project("{8BC9CEB8-8B4A-11D0-8D11-00A0C91BC942}") = "Strings", "Strings\Strings.vcxproj", "{AE3E7C54-B864-4C89-9CC1-89DBE2042E02}"
EndProject
Project("{8BC9CEB8-8B4A-11D0-8D11-00A0C91BC942}") = "ShellExtension_x86", "ShellExtension\ShellExtension_x86\ShellExtension_x86.vcxproj", "{236A7657-45D6-46FF-A221-8E78FA447547}"
EndProject
Project("{8BC9CEB8-8B4A-11D0-8D11-00A0C91BC942}") = "ShellExtension_x64", "ShellExtension\ShellExtension_x64\ShellExtension_x64.vcxproj", "{36F6FD0E-C4A7-45B9-9B7C-7DFC6DE667FE}"
EndProject
Project("{FAE04EC0-301F-11D3-BF4B-00C04F79EFBC}") = "WiaProxy32", "WiaProxy32\WiaProxy32.csproj", "{446DDC4A-1CC8-4F55-BDF2-21BB387574D1}"
EndProject
Project("{8BC9CEB8-8B4A-11D0-8D11-00A0C91BC942}") = "GeneratedCode", "GeneratedCode\GeneratedCode.vcxproj", "{6D06E18A-6A4A-49FF-BB33-2C722D051BE8}"
EndProject
Project("{FAE04EC0-301F-11D3-BF4B-00C04F79EFBC}") = "PdnRepair", "PdnRepair\PdnRepair.csproj", "{D4BEAD6A-0A65-4FAC-9ECE-B6A71EA5A884}"
EndProject
Project("{FAE04EC0-301F-11D3-BF4B-00C04F79EFBC}") = "UpdateMonitor", "UpdateMonitor\UpdateMonitor.csproj", "{D1E5865F-9DC5-4504-A484-5CE8A8A79621}"
EndProject
Project("{FAE04EC0-301F-11D3-BF4B-00C04F79EFBC}") = "Base", "Base\Base.csproj", "{05C4C721-F8E3-42E1-B817-9D165DA1A9FB}"
EndProject
Project("{8BC9CEB8-8B4A-11D0-8D11-00A0C91BC942}") = "Squish_x64", "DdsFileType\Squish\Squish_x64\Squish_x64.vcxproj", "{EF345808-905D-4738-BC3F-0D0CB3960C4A}"
EndProject
Project("{8BC9CEB8-8B4A-11D0-8D11-00A0C91BC942}") = "Squish_x86", "DdsFileType\Squish\Squish_x86\Squish_x86.vcxproj", "{5B4C722D-8469-4B5F-9158-730B75AF68C1}"
EndProject
Project("{FAE04EC0-301F-11D3-BF4B-00C04F79EFBC}") = "DdsFileType", "DdsFileType\DdsFileType\DdsFileType.csproj", "{8CA4EBFD-46EA-437B-AD52-685C3E0BEC81}"
	ProjectSection(ProjectDependencies) = postProject
		{EF345808-905D-4738-BC3F-0D0CB3960C4A} = {EF345808-905D-4738-BC3F-0D0CB3960C4A}
		{5B4C722D-8469-4B5F-9158-730B75AF68C1} = {5B4C722D-8469-4B5F-9158-730B75AF68C1}
		{5B4C722D-8469-4B5F-9158-730B75AF68C2} = {5B4C722D-8469-4B5F-9158-730B75AF68C2}
	EndProjectSection
EndProject
Project("{8BC9CEB8-8B4A-11D0-8D11-00A0C91BC942}") = "Squish_x86_SSE2", "DdsFileType\Squish\Squish_x86_SSE2\Squish_x86_SSE2.vcxproj", "{5B4C722D-8469-4B5F-9158-730B75AF68C2}"
EndProject
Global
	GlobalSection(SolutionConfigurationPlatforms) = preSolution
		Debug|Any CPU = Debug|Any CPU
		Release and Package|Any CPU = Release and Package|Any CPU
		Release|Any CPU = Release|Any CPU
	EndGlobalSection
	GlobalSection(ProjectConfigurationPlatforms) = postSolution
		{34920450-488E-41DF-8565-AA22C2A56902}.Debug|Any CPU.ActiveCfg = Debug|Any CPU
		{34920450-488E-41DF-8565-AA22C2A56902}.Debug|Any CPU.Build.0 = Debug|Any CPU
		{34920450-488E-41DF-8565-AA22C2A56902}.Release and Package|Any CPU.ActiveCfg = Release|Any CPU
		{34920450-488E-41DF-8565-AA22C2A56902}.Release and Package|Any CPU.Build.0 = Release|Any CPU
		{34920450-488E-41DF-8565-AA22C2A56902}.Release|Any CPU.ActiveCfg = Release|Any CPU
		{34920450-488E-41DF-8565-AA22C2A56902}.Release|Any CPU.Build.0 = Release|Any CPU
		{1EADE568-A866-4DD4-9898-0A151E3F0E26}.Debug|Any CPU.ActiveCfg = Debug|Any CPU
		{1EADE568-A866-4DD4-9898-0A151E3F0E26}.Debug|Any CPU.Build.0 = Debug|Any CPU
		{1EADE568-A866-4DD4-9898-0A151E3F0E26}.Release and Package|Any CPU.ActiveCfg = Release|Any CPU
		{1EADE568-A866-4DD4-9898-0A151E3F0E26}.Release and Package|Any CPU.Build.0 = Release|Any CPU
		{1EADE568-A866-4DD4-9898-0A151E3F0E26}.Release|Any CPU.ActiveCfg = Release|Any CPU
		{1EADE568-A866-4DD4-9898-0A151E3F0E26}.Release|Any CPU.Build.0 = Release|Any CPU
		{2E4E8805-00F7-4B18-A967-C23994BBCE75}.Debug|Any CPU.ActiveCfg = Debug|Any CPU
		{2E4E8805-00F7-4B18-A967-C23994BBCE75}.Debug|Any CPU.Build.0 = Debug|Any CPU
		{2E4E8805-00F7-4B18-A967-C23994BBCE75}.Release and Package|Any CPU.ActiveCfg = Release|Any CPU
		{2E4E8805-00F7-4B18-A967-C23994BBCE75}.Release and Package|Any CPU.Build.0 = Release|Any CPU
		{2E4E8805-00F7-4B18-A967-C23994BBCE75}.Release|Any CPU.ActiveCfg = Release|Any CPU
		{2E4E8805-00F7-4B18-A967-C23994BBCE75}.Release|Any CPU.Build.0 = Release|Any CPU
		{E2E8B028-9FF8-4AF1-86BF-F20568EAB0EC}.Debug|Any CPU.ActiveCfg = Debug|Any CPU
		{E2E8B028-9FF8-4AF1-86BF-F20568EAB0EC}.Debug|Any CPU.Build.0 = Debug|Any CPU
		{E2E8B028-9FF8-4AF1-86BF-F20568EAB0EC}.Release and Package|Any CPU.ActiveCfg = Release|Any CPU
		{E2E8B028-9FF8-4AF1-86BF-F20568EAB0EC}.Release and Package|Any CPU.Build.0 = Release|Any CPU
		{E2E8B028-9FF8-4AF1-86BF-F20568EAB0EC}.Release|Any CPU.ActiveCfg = Release|Any CPU
		{E2E8B028-9FF8-4AF1-86BF-F20568EAB0EC}.Release|Any CPU.Build.0 = Release|Any CPU
		{80572820-93A5-4278-A513-D902BEA2639C}.Debug|Any CPU.ActiveCfg = Debug|Any CPU
		{80572820-93A5-4278-A513-D902BEA2639C}.Debug|Any CPU.Build.0 = Debug|Any CPU
		{80572820-93A5-4278-A513-D902BEA2639C}.Release and Package|Any CPU.ActiveCfg = Release|Any CPU
		{80572820-93A5-4278-A513-D902BEA2639C}.Release and Package|Any CPU.Build.0 = Release|Any CPU
		{80572820-93A5-4278-A513-D902BEA2639C}.Release|Any CPU.ActiveCfg = Release|Any CPU
		{80572820-93A5-4278-A513-D902BEA2639C}.Release|Any CPU.Build.0 = Release|Any CPU
		{66681BB0-955D-451D-A466-94C045B1CF4A}.Debug|Any CPU.ActiveCfg = Debug|Any CPU
		{66681BB0-955D-451D-A466-94C045B1CF4A}.Debug|Any CPU.Build.0 = Debug|Any CPU
		{66681BB0-955D-451D-A466-94C045B1CF4A}.Release and Package|Any CPU.ActiveCfg = Release|Any CPU
		{66681BB0-955D-451D-A466-94C045B1CF4A}.Release and Package|Any CPU.Build.0 = Release|Any CPU
		{66681BB0-955D-451D-A466-94C045B1CF4A}.Release|Any CPU.ActiveCfg = Release|Any CPU
		{66681BB0-955D-451D-A466-94C045B1CF4A}.Release|Any CPU.Build.0 = Release|Any CPU
		{0B173113-1F9B-4939-A62F-A176336F13AC}.Debug|Any CPU.ActiveCfg = Debug|Any CPU
		{0B173113-1F9B-4939-A62F-A176336F13AC}.Debug|Any CPU.Build.0 = Debug|Any CPU
		{0B173113-1F9B-4939-A62F-A176336F13AC}.Release and Package|Any CPU.ActiveCfg = Release|Any CPU
		{0B173113-1F9B-4939-A62F-A176336F13AC}.Release and Package|Any CPU.Build.0 = Release|Any CPU
		{0B173113-1F9B-4939-A62F-A176336F13AC}.Release|Any CPU.ActiveCfg = Release|Any CPU
		{0B173113-1F9B-4939-A62F-A176336F13AC}.Release|Any CPU.Build.0 = Release|Any CPU
		{AE3E7C54-B864-4C89-9CC1-89DBE2042E02}.Debug|Any CPU.ActiveCfg = Debug|Win32
		{AE3E7C54-B864-4C89-9CC1-89DBE2042E02}.Debug|Any CPU.Build.0 = Debug|Win32
		{AE3E7C54-B864-4C89-9CC1-89DBE2042E02}.Release and Package|Any CPU.ActiveCfg = Release|Win32
		{AE3E7C54-B864-4C89-9CC1-89DBE2042E02}.Release and Package|Any CPU.Build.0 = Release|Win32
		{AE3E7C54-B864-4C89-9CC1-89DBE2042E02}.Release|Any CPU.ActiveCfg = Release|Win32
		{AE3E7C54-B864-4C89-9CC1-89DBE2042E02}.Release|Any CPU.Build.0 = Release|Win32
		{236A7657-45D6-46FF-A221-8E78FA447547}.Debug|Any CPU.ActiveCfg = Debug|Win32
		{236A7657-45D6-46FF-A221-8E78FA447547}.Debug|Any CPU.Build.0 = Debug|Win32
		{236A7657-45D6-46FF-A221-8E78FA447547}.Release and Package|Any CPU.ActiveCfg = Release|Win32
		{236A7657-45D6-46FF-A221-8E78FA447547}.Release and Package|Any CPU.Build.0 = Release|Win32
		{236A7657-45D6-46FF-A221-8E78FA447547}.Release|Any CPU.ActiveCfg = Release|Win32
		{236A7657-45D6-46FF-A221-8E78FA447547}.Release|Any CPU.Build.0 = Release|Win32
		{36F6FD0E-C4A7-45B9-9B7C-7DFC6DE667FE}.Debug|Any CPU.ActiveCfg = Debug|x64
		{36F6FD0E-C4A7-45B9-9B7C-7DFC6DE667FE}.Debug|Any CPU.Build.0 = Debug|x64
		{36F6FD0E-C4A7-45B9-9B7C-7DFC6DE667FE}.Release and Package|Any CPU.ActiveCfg = Release|x64
		{36F6FD0E-C4A7-45B9-9B7C-7DFC6DE667FE}.Release and Package|Any CPU.Build.0 = Release|x64
		{36F6FD0E-C4A7-45B9-9B7C-7DFC6DE667FE}.Release|Any CPU.ActiveCfg = Release|x64
		{36F6FD0E-C4A7-45B9-9B7C-7DFC6DE667FE}.Release|Any CPU.Build.0 = Release|x64
		{446DDC4A-1CC8-4F55-BDF2-21BB387574D1}.Debug|Any CPU.ActiveCfg = Debug|x86
		{446DDC4A-1CC8-4F55-BDF2-21BB387574D1}.Debug|Any CPU.Build.0 = Debug|x86
		{446DDC4A-1CC8-4F55-BDF2-21BB387574D1}.Release and Package|Any CPU.ActiveCfg = Release|x86
		{446DDC4A-1CC8-4F55-BDF2-21BB387574D1}.Release and Package|Any CPU.Build.0 = Release|x86
		{446DDC4A-1CC8-4F55-BDF2-21BB387574D1}.Release|Any CPU.ActiveCfg = Release|x86
		{446DDC4A-1CC8-4F55-BDF2-21BB387574D1}.Release|Any CPU.Build.0 = Release|x86
		{6D06E18A-6A4A-49FF-BB33-2C722D051BE8}.Debug|Any CPU.ActiveCfg = Debug|Win32
		{6D06E18A-6A4A-49FF-BB33-2C722D051BE8}.Debug|Any CPU.Build.0 = Debug|Win32
		{6D06E18A-6A4A-49FF-BB33-2C722D051BE8}.Release and Package|Any CPU.ActiveCfg = Release|Win32
		{6D06E18A-6A4A-49FF-BB33-2C722D051BE8}.Release and Package|Any CPU.Build.0 = Release|Win32
		{6D06E18A-6A4A-49FF-BB33-2C722D051BE8}.Release|Any CPU.ActiveCfg = Release|Win32
		{6D06E18A-6A4A-49FF-BB33-2C722D051BE8}.Release|Any CPU.Build.0 = Release|Win32
		{D4BEAD6A-0A65-4FAC-9ECE-B6A71EA5A884}.Debug|Any CPU.ActiveCfg = Debug|Any CPU
		{D4BEAD6A-0A65-4FAC-9ECE-B6A71EA5A884}.Release and Package|Any CPU.ActiveCfg = Release|Any CPU
		{D4BEAD6A-0A65-4FAC-9ECE-B6A71EA5A884}.Release and Package|Any CPU.Build.0 = Release|Any CPU
		{D4BEAD6A-0A65-4FAC-9ECE-B6A71EA5A884}.Release|Any CPU.ActiveCfg = Release|Any CPU
		{D1E5865F-9DC5-4504-A484-5CE8A8A79621}.Debug|Any CPU.ActiveCfg = Debug|Any CPU
		{D1E5865F-9DC5-4504-A484-5CE8A8A79621}.Debug|Any CPU.Build.0 = Debug|Any CPU
		{D1E5865F-9DC5-4504-A484-5CE8A8A79621}.Release and Package|Any CPU.ActiveCfg = Release|Any CPU
		{D1E5865F-9DC5-4504-A484-5CE8A8A79621}.Release and Package|Any CPU.Build.0 = Release|Any CPU
		{D1E5865F-9DC5-4504-A484-5CE8A8A79621}.Release|Any CPU.ActiveCfg = Release|Any CPU
		{D1E5865F-9DC5-4504-A484-5CE8A8A79621}.Release|Any CPU.Build.0 = Release|Any CPU
		{05C4C721-F8E3-42E1-B817-9D165DA1A9FB}.Debug|Any CPU.ActiveCfg = Debug|Any CPU
		{05C4C721-F8E3-42E1-B817-9D165DA1A9FB}.Debug|Any CPU.Build.0 = Debug|Any CPU
		{05C4C721-F8E3-42E1-B817-9D165DA1A9FB}.Release and Package|Any CPU.ActiveCfg = Release|Any CPU
		{05C4C721-F8E3-42E1-B817-9D165DA1A9FB}.Release and Package|Any CPU.Build.0 = Release|Any CPU
		{05C4C721-F8E3-42E1-B817-9D165DA1A9FB}.Release|Any CPU.ActiveCfg = Release|Any CPU
		{05C4C721-F8E3-42E1-B817-9D165DA1A9FB}.Release|Any CPU.Build.0 = Release|Any CPU
		{EF345808-905D-4738-BC3F-0D0CB3960C4A}.Debug|Any CPU.ActiveCfg = Debug|x64
		{EF345808-905D-4738-BC3F-0D0CB3960C4A}.Debug|Any CPU.Build.0 = Debug|x64
		{EF345808-905D-4738-BC3F-0D0CB3960C4A}.Release and Package|Any CPU.ActiveCfg = Release|x64
		{EF345808-905D-4738-BC3F-0D0CB3960C4A}.Release and Package|Any CPU.Build.0 = Release|x64
		{EF345808-905D-4738-BC3F-0D0CB3960C4A}.Release|Any CPU.ActiveCfg = Release|x64
		{EF345808-905D-4738-BC3F-0D0CB3960C4A}.Release|Any CPU.Build.0 = Release|x64
		{5B4C722D-8469-4B5F-9158-730B75AF68C1}.Debug|Any CPU.ActiveCfg = Debug|Win32
		{5B4C722D-8469-4B5F-9158-730B75AF68C1}.Debug|Any CPU.Build.0 = Debug|Win32
		{5B4C722D-8469-4B5F-9158-730B75AF68C1}.Release and Package|Any CPU.ActiveCfg = Release|Win32
		{5B4C722D-8469-4B5F-9158-730B75AF68C1}.Release and Package|Any CPU.Build.0 = Release|Win32
		{5B4C722D-8469-4B5F-9158-730B75AF68C1}.Release|Any CPU.ActiveCfg = Release|Win32
		{5B4C722D-8469-4B5F-9158-730B75AF68C1}.Release|Any CPU.Build.0 = Release|Win32
		{8CA4EBFD-46EA-437B-AD52-685C3E0BEC81}.Debug|Any CPU.ActiveCfg = Debug|Any CPU
		{8CA4EBFD-46EA-437B-AD52-685C3E0BEC81}.Debug|Any CPU.Build.0 = Debug|Any CPU
		{8CA4EBFD-46EA-437B-AD52-685C3E0BEC81}.Release and Package|Any CPU.ActiveCfg = Release|Any CPU
		{8CA4EBFD-46EA-437B-AD52-685C3E0BEC81}.Release and Package|Any CPU.Build.0 = Release|Any CPU
		{8CA4EBFD-46EA-437B-AD52-685C3E0BEC81}.Release|Any CPU.ActiveCfg = Release|Any CPU
		{8CA4EBFD-46EA-437B-AD52-685C3E0BEC81}.Release|Any CPU.Build.0 = Release|Any CPU
		{5B4C722D-8469-4B5F-9158-730B75AF68C2}.Debug|Any CPU.ActiveCfg = Debug|Win32
		{5B4C722D-8469-4B5F-9158-730B75AF68C2}.Debug|Any CPU.Build.0 = Debug|Win32
		{5B4C722D-8469-4B5F-9158-730B75AF68C2}.Release and Package|Any CPU.ActiveCfg = Release|Win32
		{5B4C722D-8469-4B5F-9158-730B75AF68C2}.Release and Package|Any CPU.Build.0 = Release|Win32
		{5B4C722D-8469-4B5F-9158-730B75AF68C2}.Release|Any CPU.ActiveCfg = Release|Win32
		{5B4C722D-8469-4B5F-9158-730B75AF68C2}.Release|Any CPU.Build.0 = Release|Win32
	EndGlobalSection
	GlobalSection(SolutionProperties) = preSolution
		HideSolutionNode = FALSE
	EndGlobalSection
EndGlobal
